// !$*UTF8*$!
{
	archiveVersion = 1;
	classes = {
	};
	objectVersion = 50;
	objects = {

/* Begin PBXBuildFile section */
		C20BC5202AE8CE7D006B8CE9 /* readBVH.cpp in Sources */ = {isa = PBXBuildFile; fileRef = C22DA0B028338796002E6DB4 /* readBVH.cpp */; };
		C20BC5382AE935E0006B8CE9 /* libboost_iostreams.dylib in Frameworks */ = {isa = PBXBuildFile; fileRef = C20BC5292AE93179006B8CE9 /* libboost_iostreams.dylib */; };
		C20BC53B2AE9361E006B8CE9 /* libzstd.1.5.5.dylib in Frameworks */ = {isa = PBXBuildFile; fileRef = C20BC5262AE92CD9006B8CE9 /* libzstd.1.5.5.dylib */; };
		C20BC53D2AE93632006B8CE9 /* libboost_iostreams.dylib in Embed Libraries */ = {isa = PBXBuildFile; fileRef = C20BC5292AE93179006B8CE9 /* libboost_iostreams.dylib */; settings = {ATTRIBUTES = (CodeSignOnCopy, ); }; };
		C20BC53F2AE93633006B8CE9 /* libzstd.1.5.5.dylib in Embed Libraries */ = {isa = PBXBuildFile; fileRef = C20BC5262AE92CD9006B8CE9 /* libzstd.1.5.5.dylib */; settings = {ATTRIBUTES = (CodeSignOnCopy, ); }; };
		C20BC5412AE937E5006B8CE9 /* liblzma.5.dylib in Frameworks */ = {isa = PBXBuildFile; fileRef = C20BC5402AE937E5006B8CE9 /* liblzma.5.dylib */; };
		C20BC5422AE937E5006B8CE9 /* liblzma.5.dylib in Embed Libraries */ = {isa = PBXBuildFile; fileRef = C20BC5402AE937E5006B8CE9 /* liblzma.5.dylib */; settings = {ATTRIBUTES = (CodeSignOnCopy, ); }; };
		C20BC5442AF8A74D006B8CE9 /* libfftw3.3.dylib in Frameworks */ = {isa = PBXBuildFile; fileRef = C20BC5432AF8A74D006B8CE9 /* libfftw3.3.dylib */; };
		C20BC5452AF8A74D006B8CE9 /* libfftw3.3.dylib in Embed Libraries */ = {isa = PBXBuildFile; fileRef = C20BC5432AF8A74D006B8CE9 /* libfftw3.3.dylib */; settings = {ATTRIBUTES = (CodeSignOnCopy, ); }; };
		C291890F2A53FAC30049557A /* libglfw3_.a in Frameworks */ = {isa = PBXBuildFile; fileRef = F7572A522670F4CF00E26A49 /* libglfw3_.a */; };
		C2AC706E29BAEF3200D829BD /* GLTools.cpp in Sources */ = {isa = PBXBuildFile; fileRef = F7572A472670F49A00E26A49 /* GLTools.cpp */; };
		C2AC707129BAEF3E00D829BD /* main.cpp in Sources */ = {isa = PBXBuildFile; fileRef = F7572A3D2670F42600E26A49 /* main.cpp */; };
		F7572A4C2670F4AE00E26A49 /* shader.frag in CopyFiles */ = {isa = PBXBuildFile; fileRef = F7572A4A2670F4A400E26A49 /* shader.frag */; };
		F7572A4D2670F4AE00E26A49 /* shader.vert in CopyFiles */ = {isa = PBXBuildFile; fileRef = F7572A4B2670F4A400E26A49 /* shader.vert */; };
		F7572A512670F4BF00E26A49 /* OpenGL.framework in Frameworks */ = {isa = PBXBuildFile; fileRef = F7572A502670F4BF00E26A49 /* OpenGL.framework */; };
		F7572A552670F4CF00E26A49 /* libJGL.a in Frameworks */ = {isa = PBXBuildFile; fileRef = F7572A532670F4CF00E26A49 /* libJGL.a */; };
		F7572A592670F56300E26A49 /* CoreFoundation.framework in Frameworks */ = {isa = PBXBuildFile; fileRef = F7572A582670F56300E26A49 /* CoreFoundation.framework */; };
		F7572A5B2670F57400E26A49 /* IOKit.framework in Frameworks */ = {isa = PBXBuildFile; fileRef = F7572A5A2670F57400E26A49 /* IOKit.framework */; };
		F7572A5E2670F57F00E26A49 /* CoreGraphics.framework in Frameworks */ = {isa = PBXBuildFile; fileRef = F7572A5D2670F57F00E26A49 /* CoreGraphics.framework */; };
		F7572A612670F58C00E26A49 /* Cocoa.framework in Frameworks */ = {isa = PBXBuildFile; fileRef = F7572A602670F58C00E26A49 /* Cocoa.framework */; };
		F7572A6A2671DB5000E26A49 /* const.frag in CopyFiles */ = {isa = PBXBuildFile; fileRef = F7572A692671DB4300E26A49 /* const.frag */; };
		F7572A6B2671DB5000E26A49 /* const.vert in CopyFiles */ = {isa = PBXBuildFile; fileRef = F7572A682671DB4300E26A49 /* const.vert */; };
/* End PBXBuildFile section */

/* Begin PBXCopyFilesBuildPhase section */
		C20BC53E2AE93632006B8CE9 /* Embed Libraries */ = {
			isa = PBXCopyFilesBuildPhase;
			buildActionMask = 2147483647;
			dstPath = "";
			dstSubfolderSpec = 10;
			files = (
				C20BC5452AF8A74D006B8CE9 /* libfftw3.3.dylib in Embed Libraries */,
				C20BC53F2AE93633006B8CE9 /* libzstd.1.5.5.dylib in Embed Libraries */,
				C20BC53D2AE93632006B8CE9 /* libboost_iostreams.dylib in Embed Libraries */,
				C20BC5422AE937E5006B8CE9 /* liblzma.5.dylib in Embed Libraries */,
			);
			name = "Embed Libraries";
			runOnlyForDeploymentPostprocessing = 0;
		};
		F7572A382670F42600E26A49 /* CopyFiles */ = {
			isa = PBXCopyFilesBuildPhase;
			buildActionMask = 12;
			dstPath = "";
			dstSubfolderSpec = 16;
			files = (
				F7572A6A2671DB5000E26A49 /* const.frag in CopyFiles */,
				F7572A6B2671DB5000E26A49 /* const.vert in CopyFiles */,
				F7572A4C2670F4AE00E26A49 /* shader.frag in CopyFiles */,
				F7572A4D2670F4AE00E26A49 /* shader.vert in CopyFiles */,
			);
			runOnlyForDeploymentPostprocessing = 0;
		};
/* End PBXCopyFilesBuildPhase section */

/* Begin PBXFileReference section */
		C20BC51A2AD51821006B8CE9 /* pfm.hpp */ = {isa = PBXFileReference; lastKnownFileType = sourcecode.cpp.h; path = pfm.hpp; sourceTree = "<group>"; };
		C20BC51B2AE687EE006B8CE9 /* beatChecker.cpp */ = {isa = PBXFileReference; lastKnownFileType = sourcecode.cpp.cpp; path = beatChecker.cpp; sourceTree = "<group>"; };
		C20BC51C2AE687EE006B8CE9 /* beatChecker.hpp */ = {isa = PBXFileReference; lastKnownFileType = sourcecode.cpp.h; path = beatChecker.hpp; sourceTree = "<group>"; };
		C20BC5212AE92267006B8CE9 /* gnuplot-iostream.h */ = {isa = PBXFileReference; lastKnownFileType = sourcecode.c.h; name = "gnuplot-iostream.h"; path = "../../../../../Downloads/gnuplot-iostream-master/gnuplot-iostream.h"; sourceTree = "<group>"; };
		C20BC5222AE92BFE006B8CE9 /* libboost_iostreams.dylib */ = {isa = PBXFileReference; lastKnownFileType = "compiled.mach-o.dylib"; name = libboost_iostreams.dylib; path = ../../../../../../usr/local/Cellar/boost/1.82.0_1/lib/libboost_iostreams.dylib; sourceTree = "<group>"; };
		C20BC5262AE92CD9006B8CE9 /* libzstd.1.5.5.dylib */ = {isa = PBXFileReference; lastKnownFileType = "compiled.mach-o.dylib"; name = libzstd.1.5.5.dylib; path = ../../../../../../usr/local/Cellar/zstd/1.5.5/lib/libzstd.1.5.5.dylib; sourceTree = "<group>"; };
		C20BC5292AE93179006B8CE9 /* libboost_iostreams.dylib */ = {isa = PBXFileReference; lastKnownFileType = "compiled.mach-o.dylib"; name = libboost_iostreams.dylib; path = ../../../../../../usr/local/Cellar/boost/1.83.0/lib/libboost_iostreams.dylib; sourceTree = "<group>"; };
		C20BC52D2AE931C1006B8CE9 /* libboost_iostreams.a */ = {isa = PBXFileReference; lastKnownFileType = archive.ar; name = libboost_iostreams.a; path = ../../../../../../usr/local/Cellar/boost/1.83.0/lib/libboost_iostreams.a; sourceTree = "<group>"; };
		C20BC5402AE937E5006B8CE9 /* liblzma.5.dylib */ = {isa = PBXFileReference; lastKnownFileType = "compiled.mach-o.dylib"; name = liblzma.5.dylib; path = ../../../../../../usr/local/Cellar/xz/5.4.4/lib/liblzma.5.dylib; sourceTree = "<group>"; };
		C20BC5432AF8A74D006B8CE9 /* libfftw3.3.dylib */ = {isa = PBXFileReference; lastKnownFileType = "compiled.mach-o.dylib"; name = libfftw3.3.dylib; path = ../../../../../../usr/local/Cellar/fftw/3.3.10_1/lib/libfftw3.3.dylib; sourceTree = "<group>"; };
		C20BC5492B11F2AA006B8CE9 /* libaubio.5.4.8.dylib */ = {isa = PBXFileReference; lastKnownFileType = "compiled.mach-o.dylib"; name = libaubio.5.4.8.dylib; path = ../../../../../../usr/local/Cellar/aubio/0.4.9_3/lib/libaubio.5.4.8.dylib; sourceTree = "<group>"; };
		C20BC54C2B11F319006B8CE9 /* libsndfile.1.0.37.dylib */ = {isa = PBXFileReference; lastKnownFileType = "compiled.mach-o.dylib"; name = libsndfile.1.0.37.dylib; path = ../../../../../../usr/local/Cellar/libsndfile/1.2.2/lib/libsndfile.1.0.37.dylib; sourceTree = "<group>"; };
		C20BC54F2B11F342006B8CE9 /* libogg.0.dylib */ = {isa = PBXFileReference; lastKnownFileType = "compiled.mach-o.dylib"; name = libogg.0.dylib; path = ../../../../../../usr/local/Cellar/libogg/1.3.5/lib/libogg.0.dylib; sourceTree = "<group>"; };
		C20BC5522B11F38F006B8CE9 /* libvorbisenc.2.dylib */ = {isa = PBXFileReference; lastKnownFileType = "compiled.mach-o.dylib"; name = libvorbisenc.2.dylib; path = ../../../../../../usr/local/Cellar/libvorbis/1.3.7/lib/libvorbisenc.2.dylib; sourceTree = "<group>"; };
		C20BC5552B11F3B2006B8CE9 /* libvorbis.0.dylib */ = {isa = PBXFileReference; lastKnownFileType = "compiled.mach-o.dylib"; name = libvorbis.0.dylib; path = ../../../../../../usr/local/Cellar/libvorbis/1.3.7/lib/libvorbis.0.dylib; sourceTree = "<group>"; };
		C20BC5582B11F3ED006B8CE9 /* libFLAC.12.dylib */ = {isa = PBXFileReference; lastKnownFileType = "compiled.mach-o.dylib"; name = libFLAC.12.dylib; path = ../../../../../../usr/local/Cellar/flac/1.4.3/lib/libFLAC.12.dylib; sourceTree = "<group>"; };
		C20BC55B2B11F416006B8CE9 /* libopus.0.dylib */ = {isa = PBXFileReference; lastKnownFileType = "compiled.mach-o.dylib"; name = libopus.0.dylib; path = ../../../../../../usr/local/Cellar/opus/1.4/lib/libopus.0.dylib; sourceTree = "<group>"; };
		C20BC55E2B123CD4006B8CE9 /* synchronization.cpp */ = {isa = PBXFileReference; lastKnownFileType = sourcecode.cpp.cpp; path = synchronization.cpp; sourceTree = "<group>"; };
		C20BC55F2B123CD4006B8CE9 /* synchronization.hpp */ = {isa = PBXFileReference; lastKnownFileType = sourcecode.cpp.h; path = synchronization.hpp; sourceTree = "<group>"; };
		C22DA0B028338796002E6DB4 /* readBVH.cpp */ = {isa = PBXFileReference; lastKnownFileType = sourcecode.cpp.cpp; path = readBVH.cpp; sourceTree = "<group>"; };
		C22DA0B128338796002E6DB4 /* readBVH.hpp */ = {isa = PBXFileReference; lastKnownFileType = sourcecode.cpp.h; path = readBVH.hpp; sourceTree = "<group>"; };
		C291891B2ABABFDF0049557A /* graph.cpp */ = {isa = PBXFileReference; lastKnownFileType = sourcecode.cpp.cpp; path = graph.cpp; sourceTree = "<group>"; };
		C291891C2ABABFDF0049557A /* graph.hpp */ = {isa = PBXFileReference; lastKnownFileType = sourcecode.cpp.h; path = graph.hpp; sourceTree = "<group>"; };
		C291891D2AC16E240049557A /* motion.cpp */ = {isa = PBXFileReference; lastKnownFileType = sourcecode.cpp.cpp; path = motion.cpp; sourceTree = "<group>"; };
		C291891E2AC16E240049557A /* motion.hpp */ = {isa = PBXFileReference; lastKnownFileType = sourcecode.cpp.h; path = motion.hpp; sourceTree = "<group>"; };
		C291891F2AC2A9270049557A /* pointCloud.cpp */ = {isa = PBXFileReference; lastKnownFileType = sourcecode.cpp.cpp; path = pointCloud.cpp; sourceTree = "<group>"; };
		C29189202AC2A9270049557A /* pointCloud.hpp */ = {isa = PBXFileReference; lastKnownFileType = sourcecode.cpp.h; path = pointCloud.hpp; sourceTree = "<group>"; };
		F7572A3A2670F42600E26A49 /* IK */ = {isa = PBXFileReference; explicitFileType = "compiled.mach-o.executable"; includeInIndex = 0; path = IK; sourceTree = BUILT_PRODUCTS_DIR; };
		F7572A3D2670F42600E26A49 /* main.cpp */ = {isa = PBXFileReference; lastKnownFileType = sourcecode.cpp.cpp; path = main.cpp; sourceTree = "<group>"; };
		F7572A452670F49A00E26A49 /* GLTools.hpp */ = {isa = PBXFileReference; fileEncoding = 4; lastKnownFileType = sourcecode.cpp.h; path = GLTools.hpp; sourceTree = "<group>"; };
		F7572A462670F49A00E26A49 /* ModelView.hpp */ = {isa = PBXFileReference; fileEncoding = 4; lastKnownFileType = sourcecode.cpp.h; path = ModelView.hpp; sourceTree = "<group>"; };
		F7572A472670F49A00E26A49 /* GLTools.cpp */ = {isa = PBXFileReference; fileEncoding = 4; lastKnownFileType = sourcecode.cpp.cpp; path = GLTools.cpp; sourceTree = "<group>"; };
		F7572A4A2670F4A400E26A49 /* shader.frag */ = {isa = PBXFileReference; lastKnownFileType = sourcecode.glsl; name = shader.frag; path = Res/shader.frag; sourceTree = SOURCE_ROOT; };
		F7572A4B2670F4A400E26A49 /* shader.vert */ = {isa = PBXFileReference; lastKnownFileType = sourcecode.glsl; name = shader.vert; path = Res/shader.vert; sourceTree = SOURCE_ROOT; };
		F7572A502670F4BF00E26A49 /* OpenGL.framework */ = {isa = PBXFileReference; lastKnownFileType = wrapper.framework; name = OpenGL.framework; path = System/Library/Frameworks/OpenGL.framework; sourceTree = SDKROOT; };
		F7572A522670F4CF00E26A49 /* libglfw3_.a */ = {isa = PBXFileReference; lastKnownFileType = archive.ar; name = libglfw3_.a; path = lib/libglfw3_.a; sourceTree = "<group>"; };
		F7572A532670F4CF00E26A49 /* libJGL.a */ = {isa = PBXFileReference; lastKnownFileType = archive.ar; name = libJGL.a; path = lib/libJGL.a; sourceTree = "<group>"; };
		F7572A582670F56300E26A49 /* CoreFoundation.framework */ = {isa = PBXFileReference; lastKnownFileType = wrapper.framework; name = CoreFoundation.framework; path = System/Library/Frameworks/CoreFoundation.framework; sourceTree = SDKROOT; };
		F7572A5A2670F57400E26A49 /* IOKit.framework */ = {isa = PBXFileReference; lastKnownFileType = wrapper.framework; name = IOKit.framework; path = System/Library/Frameworks/IOKit.framework; sourceTree = SDKROOT; };
		F7572A5D2670F57F00E26A49 /* CoreGraphics.framework */ = {isa = PBXFileReference; lastKnownFileType = wrapper.framework; name = CoreGraphics.framework; path = System/Library/Frameworks/CoreGraphics.framework; sourceTree = SDKROOT; };
		F7572A602670F58C00E26A49 /* Cocoa.framework */ = {isa = PBXFileReference; lastKnownFileType = wrapper.framework; name = Cocoa.framework; path = System/Library/Frameworks/Cocoa.framework; sourceTree = SDKROOT; };
		F7572A632670F5E200E26A49 /* AnimView.hpp */ = {isa = PBXFileReference; lastKnownFileType = sourcecode.cpp.h; path = AnimView.hpp; sourceTree = "<group>"; };
		F7572A682671DB4300E26A49 /* const.vert */ = {isa = PBXFileReference; lastKnownFileType = sourcecode.glsl; name = const.vert; path = Res/const.vert; sourceTree = SOURCE_ROOT; };
		F7572A692671DB4300E26A49 /* const.frag */ = {isa = PBXFileReference; lastKnownFileType = sourcecode.glsl; name = const.frag; path = Res/const.frag; sourceTree = SOURCE_ROOT; };
/* End PBXFileReference section */

/* Begin PBXFrameworksBuildPhase section */
		F7572A372670F42600E26A49 /* Frameworks */ = {
			isa = PBXFrameworksBuildPhase;
			buildActionMask = 2147483647;
			files = (
				F7572A612670F58C00E26A49 /* Cocoa.framework in Frameworks */,
				C20BC5442AF8A74D006B8CE9 /* libfftw3.3.dylib in Frameworks */,
				F7572A5E2670F57F00E26A49 /* CoreGraphics.framework in Frameworks */,
				C291890F2A53FAC30049557A /* libglfw3_.a in Frameworks */,
				C20BC5412AE937E5006B8CE9 /* liblzma.5.dylib in Frameworks */,
				F7572A5B2670F57400E26A49 /* IOKit.framework in Frameworks */,
				F7572A592670F56300E26A49 /* CoreFoundation.framework in Frameworks */,
				F7572A512670F4BF00E26A49 /* OpenGL.framework in Frameworks */,
				C20BC5382AE935E0006B8CE9 /* libboost_iostreams.dylib in Frameworks */,
				F7572A552670F4CF00E26A49 /* libJGL.a in Frameworks */,
				C20BC53B2AE9361E006B8CE9 /* libzstd.1.5.5.dylib in Frameworks */,
			);
			runOnlyForDeploymentPostprocessing = 0;
		};
/* End PBXFrameworksBuildPhase section */

/* Begin PBXGroup section */
		F7572A312670F42600E26A49 = {
			isa = PBXGroup;
			children = (
				F7572A3C2670F42600E26A49 /* IK */,
				F7572A3B2670F42600E26A49 /* Products */,
				F7572A4F2670F4BF00E26A49 /* Frameworks */,
			);
			sourceTree = "<group>";
		};
		F7572A3B2670F42600E26A49 /* Products */ = {
			isa = PBXGroup;
			children = (
				F7572A3A2670F42600E26A49 /* IK */,
			);
			name = Products;
			sourceTree = "<group>";
		};
		F7572A3C2670F42600E26A49 /* IK */ = {
			isa = PBXGroup;
			children = (
				C20BC5212AE92267006B8CE9 /* gnuplot-iostream.h */,
				F7572A692671DB4300E26A49 /* const.frag */,
				F7572A682671DB4300E26A49 /* const.vert */,
				F7572A4A2670F4A400E26A49 /* shader.frag */,
				F7572A4B2670F4A400E26A49 /* shader.vert */,
				F7572A3D2670F42600E26A49 /* main.cpp */,
				F7572A472670F49A00E26A49 /* GLTools.cpp */,
				F7572A452670F49A00E26A49 /* GLTools.hpp */,
				F7572A462670F49A00E26A49 /* ModelView.hpp */,
				F7572A632670F5E200E26A49 /* AnimView.hpp */,
				C22DA0B028338796002E6DB4 /* readBVH.cpp */,
				C22DA0B128338796002E6DB4 /* readBVH.hpp */,
				C291891B2ABABFDF0049557A /* graph.cpp */,
				C291891C2ABABFDF0049557A /* graph.hpp */,
				C291891D2AC16E240049557A /* motion.cpp */,
				C291891E2AC16E240049557A /* motion.hpp */,
				C291891F2AC2A9270049557A /* pointCloud.cpp */,
				C29189202AC2A9270049557A /* pointCloud.hpp */,
				C20BC51A2AD51821006B8CE9 /* pfm.hpp */,
				C20BC51B2AE687EE006B8CE9 /* beatChecker.cpp */,
				C20BC51C2AE687EE006B8CE9 /* beatChecker.hpp */,
				C20BC55E2B123CD4006B8CE9 /* synchronization.cpp */,
				C20BC55F2B123CD4006B8CE9 /* synchronization.hpp */,
			);
			path = IK;
			sourceTree = "<group>";
		};
		F7572A4F2670F4BF00E26A49 /* Frameworks */ = {
			isa = PBXGroup;
			children = (
				C20BC55B2B11F416006B8CE9 /* libopus.0.dylib */,
				C20BC5582B11F3ED006B8CE9 /* libFLAC.12.dylib */,
				C20BC5552B11F3B2006B8CE9 /* libvorbis.0.dylib */,
				C20BC5522B11F38F006B8CE9 /* libvorbisenc.2.dylib */,
				C20BC54F2B11F342006B8CE9 /* libogg.0.dylib */,
				C20BC54C2B11F319006B8CE9 /* libsndfile.1.0.37.dylib */,
				C20BC5492B11F2AA006B8CE9 /* libaubio.5.4.8.dylib */,
				C20BC5432AF8A74D006B8CE9 /* libfftw3.3.dylib */,
				C20BC5402AE937E5006B8CE9 /* liblzma.5.dylib */,
				C20BC52D2AE931C1006B8CE9 /* libboost_iostreams.a */,
				C20BC5292AE93179006B8CE9 /* libboost_iostreams.dylib */,
				C20BC5262AE92CD9006B8CE9 /* libzstd.1.5.5.dylib */,
				C20BC5222AE92BFE006B8CE9 /* libboost_iostreams.dylib */,
				F7572A602670F58C00E26A49 /* Cocoa.framework */,
				F7572A5D2670F57F00E26A49 /* CoreGraphics.framework */,
				F7572A5A2670F57400E26A49 /* IOKit.framework */,
				F7572A582670F56300E26A49 /* CoreFoundation.framework */,
				F7572A522670F4CF00E26A49 /* libglfw3_.a */,
				F7572A532670F4CF00E26A49 /* libJGL.a */,
				F7572A502670F4BF00E26A49 /* OpenGL.framework */,
			);
			name = Frameworks;
			sourceTree = "<group>";
		};
/* End PBXGroup section */

/* Begin PBXNativeTarget section */
		F7572A392670F42600E26A49 /* IK */ = {
			isa = PBXNativeTarget;
			buildConfigurationList = F7572A412670F42600E26A49 /* Build configuration list for PBXNativeTarget "IK" */;
			buildPhases = (
				F7572A362670F42600E26A49 /* Sources */,
				F7572A372670F42600E26A49 /* Frameworks */,
				F7572A382670F42600E26A49 /* CopyFiles */,
				C20BC53E2AE93632006B8CE9 /* Embed Libraries */,
			);
			buildRules = (
			);
			dependencies = (
			);
			name = IK;
			productName = IK;
			productReference = F7572A3A2670F42600E26A49 /* IK */;
			productType = "com.apple.product-type.tool";
		};
/* End PBXNativeTarget section */

/* Begin PBXProject section */
		F7572A322670F42600E26A49 /* Project object */ = {
			isa = PBXProject;
			attributes = {
				LastUpgradeCheck = 1240;
				TargetAttributes = {
					F7572A392670F42600E26A49 = {
						CreatedOnToolsVersion = 12.4;
					};
				};
			};
			buildConfigurationList = F7572A352670F42600E26A49 /* Build configuration list for PBXProject "IK" */;
			compatibilityVersion = "Xcode 9.3";
			developmentRegion = en;
			hasScannedForEncodings = 0;
			knownRegions = (
				en,
				Base,
			);
			mainGroup = F7572A312670F42600E26A49;
			productRefGroup = F7572A3B2670F42600E26A49 /* Products */;
			projectDirPath = "";
			projectRoot = "";
			targets = (
				F7572A392670F42600E26A49 /* IK */,
			);
		};
/* End PBXProject section */

/* Begin PBXSourcesBuildPhase section */
		F7572A362670F42600E26A49 /* Sources */ = {
			isa = PBXSourcesBuildPhase;
			buildActionMask = 2147483647;
			files = (
				C2AC707129BAEF3E00D829BD /* main.cpp in Sources */,
				C2AC706E29BAEF3200D829BD /* GLTools.cpp in Sources */,
				C20BC5202AE8CE7D006B8CE9 /* readBVH.cpp in Sources */,
			);
			runOnlyForDeploymentPostprocessing = 0;
		};
/* End PBXSourcesBuildPhase section */

/* Begin XCBuildConfiguration section */
		F7572A3F2670F42600E26A49 /* Debug */ = {
			isa = XCBuildConfiguration;
			buildSettings = {
				ALWAYS_SEARCH_USER_PATHS = NO;
				CLANG_ANALYZER_NONNULL = YES;
				CLANG_ANALYZER_NUMBER_OBJECT_CONVERSION = YES_AGGRESSIVE;
				CLANG_CXX_LANGUAGE_STANDARD = "gnu++17";
				CLANG_CXX_LIBRARY = "libc++";
				CLANG_ENABLE_MODULES = YES;
				CLANG_ENABLE_OBJC_ARC = YES;
				CLANG_ENABLE_OBJC_WEAK = YES;
				CLANG_WARN_BLOCK_CAPTURE_AUTORELEASING = YES;
				CLANG_WARN_BOOL_CONVERSION = YES;
				CLANG_WARN_COMMA = YES;
				CLANG_WARN_CONSTANT_CONVERSION = YES;
				CLANG_WARN_DEPRECATED_OBJC_IMPLEMENTATIONS = YES;
				CLANG_WARN_DIRECT_OBJC_ISA_USAGE = YES_ERROR;
				CLANG_WARN_DOCUMENTATION_COMMENTS = YES;
				CLANG_WARN_EMPTY_BODY = YES;
				CLANG_WARN_ENUM_CONVERSION = YES;
				CLANG_WARN_INFINITE_RECURSION = YES;
				CLANG_WARN_INT_CONVERSION = YES;
				CLANG_WARN_NON_LITERAL_NULL_CONVERSION = YES;
				CLANG_WARN_OBJC_IMPLICIT_RETAIN_SELF = YES;
				CLANG_WARN_OBJC_LITERAL_CONVERSION = YES;
				CLANG_WARN_OBJC_ROOT_CLASS = YES_ERROR;
				CLANG_WARN_QUOTED_INCLUDE_IN_FRAMEWORK_HEADER = YES;
				CLANG_WARN_RANGE_LOOP_ANALYSIS = YES;
				CLANG_WARN_STRICT_PROTOTYPES = YES;
				CLANG_WARN_SUSPICIOUS_MOVE = YES;
				CLANG_WARN_UNGUARDED_AVAILABILITY = YES_AGGRESSIVE;
				CLANG_WARN_UNREACHABLE_CODE = YES;
				CLANG_WARN__DUPLICATE_METHOD_MATCH = YES;
				COPY_PHASE_STRIP = NO;
				DEBUG_INFORMATION_FORMAT = dwarf;
				ENABLE_STRICT_OBJC_MSGSEND = YES;
				ENABLE_TESTABILITY = YES;
				GCC_C_LANGUAGE_STANDARD = gnu11;
				GCC_DYNAMIC_NO_PIC = NO;
				GCC_NO_COMMON_BLOCKS = YES;
				GCC_OPTIMIZATION_LEVEL = 0;
				GCC_PRECOMPILE_PREFIX_HEADER = YES;
				GCC_PREFIX_HEADER = "";
				GCC_PREPROCESSOR_DEFINITIONS = (
					"DEBUG=1",
					"$(inherited)",
				);
				GCC_WARN_64_TO_32_BIT_CONVERSION = YES;
				GCC_WARN_ABOUT_RETURN_TYPE = YES_ERROR;
				GCC_WARN_UNDECLARED_SELECTOR = YES;
				GCC_WARN_UNINITIALIZED_AUTOS = YES_AGGRESSIVE;
				GCC_WARN_UNUSED_FUNCTION = YES;
				GCC_WARN_UNUSED_VARIABLE = YES;
				HEADER_SEARCH_PATHS = (
					"${PROJECT_DIR}/include",
					/usr/local/include/eigen3,
				);
				MACOSX_DEPLOYMENT_TARGET = 10.15;
				MTL_ENABLE_DEBUG_INFO = INCLUDE_SOURCE;
				MTL_FAST_MATH = YES;
				ONLY_ACTIVE_ARCH = YES;
				SDKROOT = macosx;
			};
			name = Debug;
		};
		F7572A402670F42600E26A49 /* Release */ = {
			isa = XCBuildConfiguration;
			buildSettings = {
				ALWAYS_SEARCH_USER_PATHS = NO;
				CLANG_ANALYZER_NONNULL = YES;
				CLANG_ANALYZER_NUMBER_OBJECT_CONVERSION = YES_AGGRESSIVE;
				CLANG_CXX_LANGUAGE_STANDARD = "gnu++17";
				CLANG_CXX_LIBRARY = "libc++";
				CLANG_ENABLE_MODULES = YES;
				CLANG_ENABLE_OBJC_ARC = YES;
				CLANG_ENABLE_OBJC_WEAK = YES;
				CLANG_WARN_BLOCK_CAPTURE_AUTORELEASING = YES;
				CLANG_WARN_BOOL_CONVERSION = YES;
				CLANG_WARN_COMMA = YES;
				CLANG_WARN_CONSTANT_CONVERSION = YES;
				CLANG_WARN_DEPRECATED_OBJC_IMPLEMENTATIONS = YES;
				CLANG_WARN_DIRECT_OBJC_ISA_USAGE = YES_ERROR;
				CLANG_WARN_DOCUMENTATION_COMMENTS = YES;
				CLANG_WARN_EMPTY_BODY = YES;
				CLANG_WARN_ENUM_CONVERSION = YES;
				CLANG_WARN_INFINITE_RECURSION = YES;
				CLANG_WARN_INT_CONVERSION = YES;
				CLANG_WARN_NON_LITERAL_NULL_CONVERSION = YES;
				CLANG_WARN_OBJC_IMPLICIT_RETAIN_SELF = YES;
				CLANG_WARN_OBJC_LITERAL_CONVERSION = YES;
				CLANG_WARN_OBJC_ROOT_CLASS = YES_ERROR;
				CLANG_WARN_QUOTED_INCLUDE_IN_FRAMEWORK_HEADER = YES;
				CLANG_WARN_RANGE_LOOP_ANALYSIS = YES;
				CLANG_WARN_STRICT_PROTOTYPES = YES;
				CLANG_WARN_SUSPICIOUS_MOVE = YES;
				CLANG_WARN_UNGUARDED_AVAILABILITY = YES_AGGRESSIVE;
				CLANG_WARN_UNREACHABLE_CODE = YES;
				CLANG_WARN__DUPLICATE_METHOD_MATCH = YES;
				COPY_PHASE_STRIP = NO;
				DEBUG_INFORMATION_FORMAT = "dwarf-with-dsym";
				ENABLE_NS_ASSERTIONS = NO;
				ENABLE_STRICT_OBJC_MSGSEND = YES;
				GCC_C_LANGUAGE_STANDARD = gnu11;
				GCC_NO_COMMON_BLOCKS = YES;
				GCC_PRECOMPILE_PREFIX_HEADER = YES;
				GCC_PREFIX_HEADER = "";
				GCC_WARN_64_TO_32_BIT_CONVERSION = YES;
				GCC_WARN_ABOUT_RETURN_TYPE = YES_ERROR;
				GCC_WARN_UNDECLARED_SELECTOR = YES;
				GCC_WARN_UNINITIALIZED_AUTOS = YES_AGGRESSIVE;
				GCC_WARN_UNUSED_FUNCTION = YES;
				GCC_WARN_UNUSED_VARIABLE = YES;
				HEADER_SEARCH_PATHS = (
					"${PROJECT_DIR}/include",
					/usr/local/include/eigen3,
				);
				MACOSX_DEPLOYMENT_TARGET = 10.15;
				MTL_ENABLE_DEBUG_INFO = NO;
				MTL_FAST_MATH = YES;
				ONLY_ACTIVE_ARCH = YES;
				SDKROOT = macosx;
			};
			name = Release;
		};
		F7572A422670F42600E26A49 /* Debug */ = {
			isa = XCBuildConfiguration;
			buildSettings = {
				CODE_SIGN_STYLE = Automatic;
				DEVELOPMENT_TEAM = LN9Y4KJ444;
				ENABLE_HARDENED_RUNTIME = YES;
				HEADER_SEARCH_PATHS = (
					/usr/local/include/eigen3,
					/usr/local/include,
					"${PROJECT_DIR}/include",
				);
				LIBRARY_SEARCH_PATHS = (
					"$(PROJECT_DIR)/lib",
					/usr/local/Cellar/boost/1.83.0/lib,
					/usr/local/Cellar/zstd/1.5.5/lib,
					/usr/local/Cellar/xz/5.4.4/lib,
					/usr/local/Cellar/fftw/3.3.10_1/lib,
					/usr/local/Cellar/aubio/0.4.9_3/lib,
					/usr/local/Cellar/libsndfile/1.2.2/lib,
					/usr/local/Cellar/libogg/1.3.5/lib,
					/usr/local/Cellar/libvorbis/1.3.7/lib,
					/usr/local/Cellar/flac/1.4.3/lib,
					/usr/local/Cellar/opus/1.4/lib,
				);
				PRODUCT_NAME = "$(TARGET_NAME)";
			};
			name = Debug;
		};
		F7572A432670F42600E26A49 /* Release */ = {
			isa = XCBuildConfiguration;
			buildSettings = {
				CODE_SIGN_STYLE = Automatic;
				DEVELOPMENT_TEAM = LN9Y4KJ444;
				ENABLE_HARDENED_RUNTIME = YES;
				HEADER_SEARCH_PATHS = (
					/usr/local/include/eigen3,
					/usr/local/include,
					"${PROJECT_DIR}/include",
				);
				LIBRARY_SEARCH_PATHS = (
					"$(PROJECT_DIR)/lib",
					/usr/local/Cellar/boost/1.83.0/lib,
					/usr/local/Cellar/zstd/1.5.5/lib,
					/usr/local/Cellar/xz/5.4.4/lib,
					/usr/local/Cellar/fftw/3.3.10_1/lib,
					/usr/local/Cellar/aubio/0.4.9_3/lib,
					/usr/local/Cellar/libsndfile/1.2.2/lib,
					/usr/local/Cellar/libogg/1.3.5/lib,
					/usr/local/Cellar/libvorbis/1.3.7/lib,
					/usr/local/Cellar/flac/1.4.3/lib,
					/usr/local/Cellar/opus/1.4/lib,
				);
				PRODUCT_NAME = "$(TARGET_NAME)";
			};
			name = Release;
		};
/* End XCBuildConfiguration section */

/* Begin XCConfigurationList section */
		F7572A352670F42600E26A49 /* Build configuration list for PBXProject "IK" */ = {
			isa = XCConfigurationList;
			buildConfigurations = (
				F7572A3F2670F42600E26A49 /* Debug */,
				F7572A402670F42600E26A49 /* Release */,
			);
			defaultConfigurationIsVisible = 0;
			defaultConfigurationName = Release;
		};
		F7572A412670F42600E26A49 /* Build configuration list for PBXNativeTarget "IK" */ = {
			isa = XCConfigurationList;
			buildConfigurations = (
				F7572A422670F42600E26A49 /* Debug */,
				F7572A432670F42600E26A49 /* Release */,
			);
			defaultConfigurationIsVisible = 0;
			defaultConfigurationName = Release;
		};
/* End XCConfigurationList section */
	};
	rootObject = F7572A322670F42600E26A49 /* Project object */;
}
